
Microsoft Visual Studio Solution File, Format Version 12.00
# Visual Studio Version 16
VisualStudioVersion = 16.0.33927.289
MinimumVisualStudioVersion = 10.0.40219.1
Project("{8BC9CEB8-8B4A-11D0-8D11-00A0C91BC942}") = "2048", "2048.vcxproj", "{DDFDD1B4-5C80-4D7D-BA83-7F5B1AFBE14A}"
EndProject
Global
	GlobalSection(SolutionConfigurationPlatforms) = preSolution
		Debug|x64 = Debug|x64
		Release|x64 = Release|x64
	EndGlobalSection
	GlobalSection(ProjectConfigurationPlatforms) = postSolution
		{DDFDD1B4-5C80-4D7D-BA83-7F5B1AFBE14A}.Debug|x64.ActiveCfg = Release|x64
		{DDFDD1B4-5C80-4D7D-BA83-7F5B1AFBE14A}.Debug|x64.Build.0 = Release|x64
		{DDFDD1B4-5C80-4D7D-BA83-7F5B1AFBE14A}.Release|x64.ActiveCfg = Release|x64
		{DDFDD1B4-5C80-4D7D-BA83-7F5B1AFBE14A}.Release|x64.Build.0 = Release|x64
	EndGlobalSection
	GlobalSection(SolutionProperties) = preSolution
		HideSolutionNode = FALSE
	EndGlobalSection
	GlobalSection(ExtensibilityGlobals) = postSolution
		SolutionGuid = {35528301-8C8A-473D-9294-64622BD34799}
	EndGlobalSection
EndGlobal
