<?xml version="1.0" encoding="utf-8"?>
<Project ToolsVersion="4.0" xmlns="http://schemas.microsoft.com/developer/msbuild/2003">
  <ItemGroup>
    <Filter Include="Source Files">
      <UniqueIdentifier>{4FC737F1-C7A5-4376-A066-2A32D752A2FF}</UniqueIdentifier>
      <Extensions>h;hh;hpp;hxx;hm;inl;inc;xsd;qml;cpp;c;cc;cxx;def;odl;idl;hpj;bat;asm;asmx;ui</Extensions>
    </Filter>
    <Filter Include="Resource Files">
      <UniqueIdentifier>{67DA6AB6-F800-4c08-8B7A-83BB121AAD01}</UniqueIdentifier>
      <Extensions>qrc;rc;ico;cur;bmp;dlg;rc2;rct;bin;rgs;gif;jpg;jpeg;jpe;resx;tiff;tif;png;wav;mfcribbon-ms</Extensions>
    </Filter>
    <Filter Include="Translation Files">
      <UniqueIdentifier>{639EADAA-A684-42e4-A9AD-28FC9BCB8F7C}</UniqueIdentifier>
      <Extensions>ts</Extensions>
    </Filter>
    <Filter Include="Source Files\Game">
      <UniqueIdentifier>{3952ba85-1675-41b1-967c-72ccf73e0c37}</UniqueIdentifier>
    </Filter>
    <Filter Include="Source Files\AI">
      <UniqueIdentifier>{f75c59c9-7c21-44ce-a840-5f8fd04420ee}</UniqueIdentifier>
    </Filter>
    <Filter Include="Source Files\User Interface">
      <UniqueIdentifier>{07e9740b-af54-4dc1-a84f-6e19323f3776}</UniqueIdentifier>
    </Filter>
    <Filter Include="Source Files\User Interface\Widgets">
      <UniqueIdentifier>{5e75aebb-695b-46df-887d-f57b2ae0b920}</UniqueIdentifier>
    </Filter>
    <Filter Include="Source Files\User Interface\DlgAbout">
      <UniqueIdentifier>{0ad9fc4d-93bd-49fd-857d-ca3b80159d6b}</UniqueIdentifier>
    </Filter>
  </ItemGroup>
  <ItemGroup>
    <ClCompile Include="main.cpp">
      <Filter>Source Files</Filter>
    </ClCompile>
    <ClCompile Include="UserInterface\UserInterface.cpp">
      <Filter>Source Files\User Interface</Filter>
    </ClCompile>
    <ClCompile Include="UserInterface\Widgets\Label.cpp">
      <Filter>Source Files\User Interface\Widgets</Filter>
    </ClCompile>
    <ClCompile Include="UserInterface\Widgets\PushButton.cpp">
      <Filter>Source Files\User Interface\Widgets</Filter>
    </ClCompile>
    <ClCompile Include="UserInterface\DlgAbout\DlgAbout.cpp">
      <Filter>Source Files\User Interface\DlgAbout</Filter>
    </ClCompile>
    <ClCompile Include="Game\board.cpp">
      <Filter>Source Files\Game</Filter>
    </ClCompile>
    <ClCompile Include="Game\cell.cpp">
      <Filter>Source Files\Game</Filter>
    </ClCompile>
    <ClCompile Include="Game\State.cpp">
      <Filter>Source Files\Game</Filter>
    </ClCompile>
    <ClCompile Include="Game\tile.cpp">
      <Filter>Source Files\Game</Filter>
    </ClCompile>
    <ClCompile Include="AI\SearchTree.cpp">
      <Filter>Source Files\AI</Filter>
    </ClCompile>
  </ItemGroup>
  <ItemGroup>
    <ResourceCompile Include="2048.rc">
      <Filter>Resource Files</Filter>
    </ResourceCompile>
  </ItemGroup>
  <ItemGroup>
    <QtRcc Include="main.qrc">
      <Filter>Resource Files</Filter>
    </QtRcc>
  </ItemGroup>
  <ItemGroup>
    <Image Include="2048.ico">
      <Filter>Resource Files</Filter>
    </Image>
  </ItemGroup>
  <ItemGroup>
    <QtMoc Include="UserInterface\UserInterface.h">
      <Filter>Source Files\User Interface</Filter>
    </QtMoc>
    <QtMoc Include="UserInterface\Widgets\Label.h">
      <Filter>Source Files\User Interface\Widgets</Filter>
    </QtMoc>
    <QtMoc Include="UserInterface\Widgets\PushButton.h">
      <Filter>Source Files\User Interface\Widgets</Filter>
    </QtMoc>
    <QtMoc Include="UserInterface\DlgAbout\DlgAbout.h">
      <Filter>Source Files\User Interface\DlgAbout</Filter>
    </QtMoc>
    <QtMoc Include="Game\board.h">
      <Filter>Source Files\Game</Filter>
    </QtMoc>
  </ItemGroup>
  <ItemGroup>
    <QtUic Include="UserInterface\UserInterface.ui">
      <Filter>Source Files\User Interface</Filter>
    </QtUic>
    <QtUic Include="UserInterface\DlgAbout\DlgAbout.ui">
      <Filter>Source Files\User Interface\DlgAbout</Filter>
    </QtUic>
  </ItemGroup>
  <ItemGroup>
    <ClInclude Include="Game\cell.h">
      <Filter>Source Files\Game</Filter>
    </ClInclude>
    <ClInclude Include="Game\State.h">
      <Filter>Source Files\Game</Filter>
    </ClInclude>
    <ClInclude Include="Game\tile.h">
      <Filter>Source Files\Game</Filter>
    </ClInclude>
    <ClInclude Include="AI\SearchTree.h">
      <Filter>Source Files\AI</Filter>
    </ClInclude>
  </ItemGroup>
</Project>